version = 1
revision = 3
requires-python = ">=3.11"

[[package]]
name = "colorama"
version = "0.4.6"
source = { registry = "https://pypi.org/simple" }
sdist = { url = "https://files.pythonhosted.org/packages/d8/53/6f443c9a4a8358a93a6792e2acffb9d9d5cb0a5cfd8802644b7b1c9a02e4/colorama-0.4.6.tar.gz", hash = "sha256:08695f5cb7ed6e0531a20572697297273c47b8cae5a63ffc6d6ed5c201be6e44", size = 27697, upload-time = "2022-10-25T02:36:22.414Z" }
wheels = [
    { url = "https://files.pythonhosted.org/packages/d1/d6/3965ed04c63042e047cb6a3e6ed1a63a35087b6a609aa3a15ed8ac56c221/colorama-0.4.6-py2.py3-none-any.whl", hash = "sha256:4f1d9991f5acc0ca119f9d443620b77f9d6b33703e51011c16baf57afb285fc6", size = 25335, upload-time = "2022-10-25T02:36:20.889Z" },
]

[[package]]
name = "iniconfig"
version = "2.3.0"
source = { registry = "https://pypi.org/simple" }
sdist = { url = "https://files.pythonhosted.org/packages/72/34/14ca021ce8e5dfedc35312d08ba8bf51fdd999c576889fc2c24cb97f4f10/iniconfig-2.3.0.tar.gz", hash = "sha256:c76315c77db068650d49c5b56314774a7804df16fee4402c1f19d6d15d8c4730", size = 20503, upload-time = "2025-10-18T21:55:43.219Z" }
wheels = [
    { url = "https://files.pythonhosted.org/packages/cb/b1/3846dd7f199d53cb17f49cba7e651e9ce294d8497c8c150530ed11865bb8/iniconfig-2.3.0-py3-none-any.whl", hash = "sha256:f631c04d2c48c52b84d0d0549c99ff3859c98df65b3101406327ecc7d53fbf12", size = 7484, upload-time = "2025-10-18T21:55:41.639Z" },
]

[[package]]
name = "lazy-sudoku"
version = "0.1.0"
source = { editable = "." }
dependencies = [
    { name = "pyqt5" },
]

[package.dev-dependencies]
dev = [
    { name = "pytest" },
]

[package.metadata]
requires-dist = [{ name = "pyqt5", specifier = ">=5.15" }]

[package.metadata.requires-dev]
dev = [{ name = "pytest", specifier = ">=8.0" }]

[[package]]
name = "packaging"
version = "26.2"
source = { registry = "https://pypi.org/simple" }
sdist = { url = "https://files.pythonhosted.org/packages/d7/f1/e7a6dd94a8d4a5626c03e4e99c87f241ba9e350cd9e6d75123f992427270/packaging-26.2.tar.gz", hash = "sha256:ff452ff5a3e828ce110190feff1178bb1f2ea2281fa2075aadb987c2fb221661", size = 228134, upload-time = "2026-04-24T20:15:23.917Z" }
wheels = [
    { url = "https://files.pythonhosted.org/packages/df/b2/87e62e8c3e2f4b32e5fe99e0b86d576da1312593b39f47d8ceef365e95ed/packaging-26.2-py3-none-any.whl", hash = "sha256:5fc45236b9446107ff2415ce77c807cee2862cb6fac22b8a73826d0693b0980e", size = 100195, upload-time = "2026-04-24T20:15:22.081Z" },
]

[[package]]
name = "pluggy"
version = "1.6.0"
source = { registry = "https://pypi.org/simple" }
sdist = { url = "https://files.pythonhosted.org/packages/f9/e2/3e91f31a7d2b083fe6ef3fa267035b518369d9511ffab804f839851d2779/pluggy-1.6.0.tar.gz", hash = "sha256:7dcc130b76258d33b90f61b658791dede3486c3e6bfb003ee5c9bfb396dd22f3", size = 69412, upload-time = "2025-05-15T12:30:07.975Z" }
wheels = [
    { url = "https://files.pythonhosted.org/packages/54/20/4d324d65cc6d9205fabedc306948156824eb9f0ee1633355a8f7ec5c66bf/pluggy-1.6.0-py3-none-any.whl", hash = "sha256:e920276dd6813095e9377c0bc5566d94c932c33b27a3e3945d8389c374dd4746", size = 20538, upload-time = "2025-05-15T12:30:06.134Z" },
]

[[package]]
name = "pygments"
version = "2.20.0"
source = { registry = "https://pypi.org/simple" }
sdist = { url = "https://files.pythonhosted.org/packages/c3/b2/bc9c9196916376152d655522fdcebac55e66de6603a76a02bca1b6414f6c/pygments-2.20.0.tar.gz", hash = "sha256:6757cd03768053ff99f3039c1a36d6c0aa0b263438fcab17520b30a303a82b5f", size = 4955991, upload-time = "2026-03-29T13:29:33.898Z" }
wheels = [
    { url = "https://files.pythonhosted.org/packages/f4/7e/a72dd26f3b0f4f2bf1dd8923c85f7ceb43172af56d63c7383eb62b332364/pygments-2.20.0-py3-none-any.whl", hash = "sha256:81a9e26dd42fd28a23a2d169d86d7ac03b46e2f8b59ed4698fb4785f946d0176", size = 1231151, upload-time = "2026-03-29T13:29:30.038Z" },
]

[[package]]
name = "pyqt5"
version = "5.15.11"
source = { registry = "https://pypi.org/simple" }
dependencies = [
    { name = "pyqt5-qt5" },
    { name = "pyqt5-sip" },
]
sdist = { url = "https://files.pythonhosted.org/packages/0e/07/c9ed0bd428df6f87183fca565a79fee19fa7c88c7f00a7f011ab4379e77a/PyQt5-5.15.11.tar.gz", hash = "sha256:fda45743ebb4a27b4b1a51c6d8ef455c4c1b5d610c90d2934c7802b5c1557c52", size = 3216775, upload-time = "2024-07-19T08:39:57.756Z" }
wheels = [
    { url = "https://files.pythonhosted.org/packages/11/64/42ec1b0bd72d87f87bde6ceb6869f444d91a2d601f2e67cd05febc0346a1/PyQt5-5.15.11-cp38-abi3-macosx_11_0_arm64.whl", hash = "sha256:c8b03dd9380bb13c804f0bdb0f4956067f281785b5e12303d529f0462f9afdc2", size = 6579776, upload-time = "2024-07-19T08:39:19.775Z" },
    { url = "https://files.pythonhosted.org/packages/49/f5/3fb696f4683ea45d68b7e77302eff173493ac81e43d63adb60fa760b9f91/PyQt5-5.15.11-cp38-abi3-macosx_11_0_x86_64.whl", hash = "sha256:6cd75628f6e732b1ffcfe709ab833a0716c0445d7aec8046a48d5843352becb6", size = 7016415, upload-time = "2024-07-19T08:39:32.977Z" },
    { url = "https://files.pythonhosted.org/packages/b4/8c/4065950f9d013c4b2e588fe33cf04e564c2322842d84dbcbce5ba1dc28b0/PyQt5-5.15.11-cp38-abi3-manylinux_2_17_x86_64.whl", hash = "sha256:cd672a6738d1ae33ef7d9efa8e6cb0a1525ecf53ec86da80a9e1b6ec38c8d0f1", size = 8188103, upload-time = "2024-07-19T08:39:40.561Z" },
    { url = "https://files.pythonhosted.org/packages/f3/f0/ae5a5b4f9b826b29ea4be841b2f2d951bcf5ae1d802f3732b145b57c5355/PyQt5-5.15.11-cp38-abi3-win32.whl", hash = "sha256:76be0322ceda5deecd1708a8d628e698089a1cea80d1a49d242a6d579a40babd", size = 5433308, upload-time = "2024-07-19T08:39:46.932Z" },
    { url = "https://files.pythonhosted.org/packages/56/d5/68eb9f3d19ce65df01b6c7b7a577ad3bbc9ab3a5dd3491a4756e71838ec9/PyQt5-5.15.11-cp38-abi3-win_amd64.whl", hash = "sha256:bdde598a3bb95022131a5c9ea62e0a96bd6fb28932cc1619fd7ba211531b7517", size = 6865864, upload-time = "2024-07-19T08:39:53.572Z" },
]

[[package]]
name = "pyqt5-qt5"
version = "5.15.19"
source = { registry = "https://pypi.org/simple" }
wheels = [
    { url = "https://files.pythonhosted.org/packages/06/af/c0e00d353cad261ee9ccd5f6039b7ef4e09a1cb9a22c6a4b233854f6fa30/pyqt5_qt5-5.15.19-py3-none-macosx_10_13_x86_64.whl", hash = "sha256:cac6b78e4805848c25979a0622660251070781b6b4f810688a960cb44d1ae5a2", size = 39777655, upload-time = "2026-05-21T09:12:43.94Z" },
    { url = "https://files.pythonhosted.org/packages/1c/d0/fd4876b90bbadaa92444ff452ab78d9ba839014a6d303e77d29c0c591631/pyqt5_qt5-5.15.19-py3-none-macosx_11_0_arm64.whl", hash = "sha256:66fa299dcdea1f430edbd6f6ca3dcb20430f19c508d13e3aa851d19034b7be7e", size = 36838788, upload-time = "2026-05-21T09:12:59.334Z" },
    { url = "https://files.pythonhosted.org/packages/de/a0/dd9889ed9bf100d6d8b9d608b2689dc2a7f871f9489a0c563a8cf78c329f/pyqt5_qt5-5.15.19-py3-none-manylinux2014_x86_64.whl", hash = "sha256:31421d9c31fb29a8faee4b8b3c32658fb51a9e8c4c708075121162fa44faf80e", size = 60933242, upload-time = "2026-05-21T09:13:16.308Z" },
]

[[package]]
name = "pyqt5-sip"
version = "12.18.0"
source = { registry = "https://pypi.org/simple" }
sdist = { url = "https://files.pythonhosted.org/packages/f3/31/5ef342de9faee0f3801088946ae103db9b9eaeba3d6a64fefd5ce74df244/pyqt5_sip-12.18.0.tar.gz", hash = "sha256:71c37db75a0664325de149f43e2a712ec5fa1f90429a21dafbca005cb6767f94", size = 104143, upload-time = "2026-01-13T15:53:19.576Z" }
wheels = [
    { url = "https://files.pythonhosted.org/packages/9a/59/3dd29bcfde479ac241f618235bf7d76e65e47afdcd91743554d490ae0d19/pyqt5_sip-12.18.0-cp311-cp311-macosx_10_9_universal2.whl", hash = "sha256:13c32e9025d0ab5fe960ef64dcb4c6f7ec26156ddce2cf2f195600aa26e8f9fe", size = 122724, upload-time = "2026-01-13T15:52:49.875Z" },
    { url = "https://files.pythonhosted.org/packages/87/c4/ac4deee3249d3ceb703103acbbf76d89f3782fa7ad2ca5a15fcb5bcf5c73/pyqt5_sip-12.18.0-cp311-cp311-manylinux1_x86_64.manylinux_2_5_x86_64.whl", hash = "sha256:dd855149c724634eb1f92d10e04e1be0751068a8521d5f9f06e5c2dbe32fd89f", size = 327560, upload-time = "2026-01-13T15:52:53.584Z" },
    { url = "https://files.pythonhosted.org/packages/79/53/64373ba9311288b0ea6b5ab375d9c9743a41ac93df7137655498c95a08e5/pyqt5_sip-12.18.0-cp311-cp311-manylinux_2_5_x86_64.manylinux1_x86_64.whl", hash = "sha256:521729e4ce44db555005f4e6987c4a5164d45ea03f5a7d08519813d4776acd15", size = 277067, upload-time = "2026-01-13T15:52:51.22Z" },
    { url = "https://files.pythonhosted.org/packages/ce/dd/4026bba8355ceaba222db0369fe4a480d55aa61d3f14dbe1458886ccc032/pyqt5_sip-12.18.0-cp311-cp311-win32.whl", hash = "sha256:c738949863d88b78f86f28e13151989ca3b1a302934811af41856dc8a27838bd", size = 49323, upload-time = "2026-01-13T15:52:55.859Z" },
    { url = "https://files.pythonhosted.org/packages/41/35/39e549ca7f7c9fbb025912a5db7f55f3b9c22d7f9718f41c2e7a17c806e9/pyqt5_sip-12.18.0-cp311-cp311-win_amd64.whl", hash = "sha256:ac0be1a8ce145ed78c7e8d45243749405bee7e3a87e9810b0542bca010c50bd7", size = 58795, upload-time = "2026-01-13T15:52:54.995Z" },
    { url = "https://files.pythonhosted.org/packages/2a/61/6d78d702016ac23d2b97634a3b6a831c3f7735f0552a1c8b058db96005d1/pyqt5_sip-12.18.0-cp312-cp312-macosx_10_9_universal2.whl", hash = "sha256:b29e4cda24748e59e5bd1bdad4812091a86b4b5b08c38b7f781eb55a5166f2b7", size = 124614, upload-time = "2026-01-13T15:52:57.59Z" },
    { url = "https://files.pythonhosted.org/packages/19/bf/8f3efa10ddd3e76c1253865340ab7c2960ef96681d732b1f666c77430612/pyqt5_sip-12.18.0-cp312-cp312-manylinux1_x86_64.manylinux_2_5_x86_64.whl", hash = "sha256:163c2bba5e637c2222ec17d82a2c5aa158184a191923eb7d137cf4cfa0399529", size = 339412, upload-time = "2026-01-13T15:53:00.563Z" },
    { url = "https://files.pythonhosted.org/packages/72/48/f1bcf6729d01bae6729cd790b22fd579dbe34014e8be031e6f10c5b9b2aa/pyqt5_sip-12.18.0-cp312-cp312-manylinux_2_5_x86_64.manylinux1_x86_64.whl", hash = "sha256:ead5e0a64ad852ac60797989d8444a6a5bd834768536b04a07b40b2937d922f6", size = 282376, upload-time = "2026-01-13T15:52:59.172Z" },
    { url = "https://files.pythonhosted.org/packages/dd/b7/d84c764ac9f1366be561255ec9bd88ee224fefdbdb349aee250f3003f0ca/pyqt5_sip-12.18.0-cp312-cp312-win32.whl", hash = "sha256:993fe3ed9a62a92e770f32d5344e3df56c2cacf1471f01b7feaf04818a2df1c4", size = 49523, upload-time = "2026-01-13T15:53:03.068Z" },
    { url = "https://files.pythonhosted.org/packages/ab/e7/ef87178d5afa5f63be38556dc0df8af89f9bf74f2555f4dab6824c0fd150/pyqt5_sip-12.18.0-cp312-cp312-win_amd64.whl", hash = "sha256:9b689e02e400abd1ce0a30cd6eae8eceabcf1bbba0395cb5c86e64ba74351d68", size = 58001, upload-time = "2026-01-13T15:53:02.15Z" },
    { url = "https://files.pythonhosted.org/packages/79/67/8d43d0fea10ff48ddecc8534aead8b855dc80df80653b8b1bf9e1f993063/pyqt5_sip-12.18.0-cp313-cp313-macosx_10_13_universal2.whl", hash = "sha256:9254e5dd7676b76503ba20edcc919e7ac4a97b6c70a6fb2f9dba9e13b4c60509", size = 124605, upload-time = "2026-01-13T15:53:04.991Z" },
    { url = "https://files.pythonhosted.org/packages/48/2a/b08bc8efeb49c50c6cdac11417dc2c8eaefcac2f0a6382eae7b26dc0f232/pyqt5_sip-12.18.0-cp313-cp313-manylinux1_x86_64.manylinux_2_5_x86_64.whl", hash = "sha256:c969631ada7293a81e1012b2264a62d69a91995b517586489dfe24421b87b9af", size = 339918, upload-time = "2026-01-13T15:53:08.502Z" },
    { url = "https://files.pythonhosted.org/packages/b6/99/24f82437b2f073cf39296b7c731b6a8bc0f5207911fdd93841a0ea9abe42/pyqt5_sip-12.18.0-cp313-cp313-manylinux_2_5_x86_64.manylinux1_x86_64.whl", hash = "sha256:d84ac384a63285132e67762c87681191c25e28a1df7560287ec3889d9eb223b5", size = 282088, upload-time = "2026-01-13T15:53:06.632Z" },
    { url = "https://files.pythonhosted.org/packages/3e/27/20d3924943df34361fae9c6a0489ae89d0b07571693245c61678d185e4a4/pyqt5_sip-12.18.0-cp313-cp313-win32.whl", hash = "sha256:95bba4670ecf5cba73958b85aa2087c17838a402ed251c38e68060c7665c998b", size = 49501, upload-time = "2026-01-13T15:53:11.159Z" },
    { url = "https://files.pythonhosted.org/packages/3f/36/e251623c12968730730512a9e5150430e36246afbe64894610190b896f61/pyqt5_sip-12.18.0-cp313-cp313-win_amd64.whl", hash = "sha256:aac4adc37df2f2ac1dc259409be1900f07332d140a12c9db7c84112cef64ff59", size = 58076, upload-time = "2026-01-13T15:53:09.928Z" },
    { url = "https://files.pythonhosted.org/packages/37/3a/b46a0116b1aacbb6156b2957eb5cb928c94b49f4626eb2540ca8d16ee757/pyqt5_sip-12.18.0-cp314-cp314-macosx_10_15_universal2.whl", hash = "sha256:8372ec8704bfd5e09942d0d055a1657eb4f702f4b30847a5e59df0496f99d67f", size = 124594, upload-time = "2026-01-13T15:53:13.159Z" },
    { url = "https://files.pythonhosted.org/packages/58/63/df3037f11391c25c5b0ab233d22e58b8f056cb1ce16d7ecadb844421ce75/pyqt5_sip-12.18.0-cp314-cp314-manylinux1_x86_64.manylinux_2_5_x86_64.whl", hash = "sha256:fdb45c7cd2af7eccd7370b994d432bfc7965079f845392760724f26771bb59dc", size = 339056, upload-time = "2026-01-13T15:53:16.558Z" },
    { url = "https://files.pythonhosted.org/packages/f5/e7/4f96b84520b8f8b7502682fd43f68f63ca6572b5858f56e5f61c76a54fe2/pyqt5_sip-12.18.0-cp314-cp314-manylinux_2_5_x86_64.manylinux1_x86_64.whl", hash = "sha256:92abe984becbde768954d6d0951f56d80a9868d2fd9e738e61fc944f0ff83dd6", size = 282439, upload-time = "2026-01-13T15:53:14.856Z" },
    { url = "https://files.pythonhosted.org/packages/79/8e/ccdf20d373ceba83e1d1b7f818505c375208ffde4a96376dc7dbe592406c/pyqt5_sip-12.18.0-cp314-cp314-win32.whl", hash = "sha256:bd9e3c6f81346f1b08d6db02305cdee20c009b43aa083d44ee2de47a7da0e123", size = 50713, upload-time = "2026-01-13T15:53:18.634Z" },
    { url = "https://files.pythonhosted.org/packages/7f/21/8486ed45977be615ec5371b24b47298b1cb0e1a455b419eddd0215078dba/pyqt5_sip-12.18.0-cp314-cp314-win_amd64.whl", hash = "sha256:6d948f1be619c645cd3bda54952bfdc1aef7c79242dccea6a6858748e61114b9", size = 59622, upload-time = "2026-01-13T15:53:17.714Z" },
]

[[package]]
name = "pytest"
version = "9.1.1"
source = { registry = "https://pypi.org/simple" }
dependencies = [
    { name = "colorama", marker = "sys_platform == 'win32'" },
    { name = "iniconfig" },
    { name = "packaging" },
    { name = "pluggy" },
    { name = "pygments" },
]
sdist = { url = "https://files.pythonhosted.org/packages/e4/47/b9efed96c114afcfa3c9d3fe98a76a1d14c74a9e266d397cf6eb64be5e01/pytest-9.1.1.tar.gz", hash = "sha256:1088fbde8f2b49d95a549a195707afa7a76a3ce9bcadc26b6d71f0ffda5fe313", size = 1636369, upload-time = "2026-06-19T10:58:32.857Z" }
wheels = [
    { url = "https://files.pythonhosted.org/packages/24/25/1de2678b631f5a49215c6c96fff41ba892b0a34df68d6d80292b1b48aa7f/pytest-9.1.1-py3-none-any.whl", hash = "sha256:37a86b45efb9a47a61a36449063e8e18d0cab3161329fc099eb21783169c4f0c", size = 386536, upload-time = "2026-06-19T10:58:31.347Z" },
]
